
Microsoft Visual Studio Solution File, Format Version 12.00
# Visual Studio 15
VisualStudioVersion = 15.0.28307.572
MinimumVisualStudioVersion = 10.0.40219.1
Project("{FAE04EC0-301F-11D3-BF4B-00C04F79EFBC}") = "MvcMusicStore", "MvcMusicStore\MvcMusicStore.csproj", "{547A8312-3F79-4F5C-AF1C-3544BCB2AEC4}"
EndProject
Project("{FAE04EC0-301F-11D3-BF4B-00C04F79EFBC}") = "MvcMusicStore.Tests", "MvcMusicStore.Tests\MvcMusicStore.Tests.csproj", "{574318F0-DD05-4346-B972-9EF415E37E0A}"
EndProject
Global
	GlobalSection(SolutionConfigurationPlatforms) = preSolution
		Debug|Any CPU = Debug|Any CPU
		Release|Any CPU = Release|Any CPU
	EndGlobalSection
	GlobalSection(ProjectConfigurationPlatforms) = postSolution
		{547A8312-3F79-4F5C-AF1C-3544BCB2AEC4}.Debug|Any CPU.ActiveCfg = Debug|Any CPU
		{547A8312-3F79-4F5C-AF1C-3544BCB2AEC4}.Debug|Any CPU.Build.0 = Debug|Any CPU
		{547A8312-3F79-4F5C-AF1C-3544BCB2AEC4}.Release|Any CPU.ActiveCfg = Release|Any CPU
		{547A8312-3F79-4F5C-AF1C-3544BCB2AEC4}.Release|Any CPU.Build.0 = Release|Any CPU
		{574318F0-DD05-4346-B972-9EF415E37E0A}.Debug|Any CPU.ActiveCfg = Debug|Any CPU
		{574318F0-DD05-4346-B972-9EF415E37E0A}.Debug|Any CPU.Build.0 = Debug|Any CPU
		{574318F0-DD05-4346-B972-9EF415E37E0A}.Release|Any CPU.ActiveCfg = Release|Any CPU
		{574318F0-DD05-4346-B972-9EF415E37E0A}.Release|Any CPU.Build.0 = Release|Any CPU
	EndGlobalSection
	GlobalSection(SolutionProperties) = preSolution
		HideSolutionNode = FALSE
	EndGlobalSection
	GlobalSection(ExtensibilityGlobals) = postSolution
		SolutionGuid = {5FA9B42C-57C9-460E-9F94-3471E9E60709}
	EndGlobalSection
EndGlobal
